// !$*UTF8*$!
{
	archiveVersion = 1;
	classes = {
	};
	objectVersion = 50;
	objects = {

/* Begin PBXBuildFile section */
		F7703BB926D2A4EF00D7DAFB /* AppDelegate.swift in Sources */ = {isa = PBXBuildFile; fileRef = F7703BB826D2A4EF00D7DAFB /* AppDelegate.swift */; };
		F7703BBB26D2A4EF00D7DAFB /* SceneDelegate.swift in Sources */ = {isa = PBXBuildFile; fileRef = F7703BBA26D2A4EF00D7DAFB /* SceneDelegate.swift */; };
		F7703BBD26D2A4EF00D7DAFB /* ViewController.swift in Sources */ = {isa = PBXBuildFile; fileRef = F7703BBC26D2A4EF00D7DAFB /* ViewController.swift */; };
		F7703BC026D2A4EF00D7DAFB /* Main.storyboard in Resources */ = {isa = PBXBuildFile; fileRef = F7703BBE26D2A4EF00D7DAFB /* Main.storyboard */; };
		F7703BC226D2A4F100D7DAFB /* Assets.xcassets in Resources */ = {isa = PBXBuildFile; fileRef = F7703BC126D2A4F100D7DAFB /* Assets.xcassets */; };
		F7703BC526D2A4F100D7DAFB /* LaunchScreen.storyboard in Resources */ = {isa = PBXBuildFile; fileRef = F7703BC326D2A4F100D7DAFB /* LaunchScreen.storyboard */; };
		F7703BCD26D2A52700D7DAFB /* UIIntroductionView.swift in Sources */ = {isa = PBXBuildFile; fileRef = F7703BCC26D2A52700D7DAFB /* UIIntroductionView.swift */; };
/* End PBXBuildFile section */

/* Begin PBXFileReference section */
		F7703BB526D2A4EF00D7DAFB /* BezierPathTutorial.app */ = {isa = PBXFileReference; explicitFileType = wrapper.application; includeInIndex = 0; path = BezierPathTutorial.app; sourceTree = BUILT_PRODUCTS_DIR; };
		F7703BB826D2A4EF00D7DAFB /* AppDelegate.swift */ = {isa = PBXFileReference; lastKnownFileType = sourcecode.swift; path = AppDelegate.swift; sourceTree = "<group>"; };
		F7703BBA26D2A4EF00D7DAFB /* SceneDelegate.swift */ = {isa = PBXFileReference; lastKnownFileType = sourcecode.swift; path = SceneDelegate.swift; sourceTree = "<group>"; };
		F7703BBC26D2A4EF00D7DAFB /* ViewController.swift */ = {isa = PBXFileReference; lastKnownFileType = sourcecode.swift; path = ViewController.swift; sourceTree = "<group>"; };
		F7703BBF26D2A4EF00D7DAFB /* Base */ = {isa = PBXFileReference; lastKnownFileType = file.storyboard; name = Base; path = Base.lproj/Main.storyboard; sourceTree = "<group>"; };
		F7703BC126D2A4F100D7DAFB /* Assets.xcassets */ = {isa = PBXFileReference; lastKnownFileType = folder.assetcatalog; path = Assets.xcassets; sourceTree = "<group>"; };
		F7703BC426D2A4F100D7DAFB /* Base */ = {isa = PBXFileReference; lastKnownFileType = file.storyboard; name = Base; path = Base.lproj/LaunchScreen.storyboard; sourceTree = "<group>"; };
		F7703BC626D2A4F100D7DAFB /* Info.plist */ = {isa = PBXFileReference; lastKnownFileType = text.plist.xml; path = Info.plist; sourceTree = "<group>"; };
		F7703BCC26D2A52700D7DAFB /* UIIntroductionView.swift */ = {isa = PBXFileReference; lastKnownFileType = sourcecode.swift; path = UIIntroductionView.swift; sourceTree = "<group>"; };
/* End PBXFileReference section */

/* Begin PBXFrameworksBuildPhase section */
		F7703BB226D2A4EF00D7DAFB /* Frameworks */ = {
			isa = PBXFrameworksBuildPhase;
			buildActionMask = 2147483647;
			files = (
			);
			runOnlyForDeploymentPostprocessing = 0;
		};
/* End PBXFrameworksBuildPhase section */

/* Begin PBXGroup section */
		F7703BAC26D2A4EF00D7DAFB = {
			isa = PBXGroup;
			children = (
				F7703BB726D2A4EF00D7DAFB /* BezierPathTutorial */,
				F7703BB626D2A4EF00D7DAFB /* Products */,
			);
			sourceTree = "<group>";
		};
		F7703BB626D2A4EF00D7DAFB /* Products */ = {
			isa = PBXGroup;
			children = (
				F7703BB526D2A4EF00D7DAFB /* BezierPathTutorial.app */,
			);
			name = Products;
			sourceTree = "<group>";
		};
		F7703BB726D2A4EF00D7DAFB /* BezierPathTutorial */ = {
			isa = PBXGroup;
			children = (
				F7703BB826D2A4EF00D7DAFB /* AppDelegate.swift */,
				F7703BBA26D2A4EF00D7DAFB /* SceneDelegate.swift */,
				F7703BBC26D2A4EF00D7DAFB /* ViewController.swift */,
				F7703BBE26D2A4EF00D7DAFB /* Main.storyboard */,
				F7703BC126D2A4F100D7DAFB /* Assets.xcassets */,
				F7703BC326D2A4F100D7DAFB /* LaunchScreen.storyboard */,
				F7703BC626D2A4F100D7DAFB /* Info.plist */,
				F7703BCC26D2A52700D7DAFB /* UIIntroductionView.swift */,
			);
			path = BezierPathTutorial;
			sourceTree = "<group>";
		};
/* End PBXGroup section */

/* Begin PBXNativeTarget section */
		F7703BB426D2A4EF00D7DAFB /* BezierPathTutorial */ = {
			isa = PBXNativeTarget;
			buildConfigurationList = F7703BC926D2A4F100D7DAFB /* Build configuration list for PBXNativeTarget "BezierPathTutorial" */;
			buildPhases = (
				F7703BB126D2A4EF00D7DAFB /* Sources */,
				F7703BB226D2A4EF00D7DAFB /* Frameworks */,
				F7703BB326D2A4EF00D7DAFB /* Resources */,
			);
			buildRules = (
			);
			dependencies = (
			);
			name = BezierPathTutorial;
			productName = BezierPathTutorial;
			productReference = F7703BB526D2A4EF00D7DAFB /* BezierPathTutorial.app */;
			productType = "com.apple.product-type.application";
		};
/* End PBXNativeTarget section */

/* Begin PBXProject section */
		F7703BAD26D2A4EF00D7DAFB /* Project object */ = {
			isa = PBXProject;
			attributes = {
				LastSwiftUpdateCheck = 1250;
				LastUpgradeCheck = 1250;
				TargetAttributes = {
					F7703BB426D2A4EF00D7DAFB = {
						CreatedOnToolsVersion = 12.5.1;
					};
				};
			};
			buildConfigurationList = F7703BB026D2A4EF00D7DAFB /* Build configuration list for PBXProject "BezierPathTutorial" */;
			compatibilityVersion = "Xcode 9.3";
			developmentRegion = en;
			hasScannedForEncodings = 0;
			knownRegions = (
				en,
				Base,
			);
			mainGroup = F7703BAC26D2A4EF00D7DAFB;
			productRefGroup = F7703BB626D2A4EF00D7DAFB /* Products */;
			projectDirPath = "";
			projectRoot = "";
			targets = (
				F7703BB426D2A4EF00D7DAFB /* BezierPathTutorial */,
			);
		};
/* End PBXProject section */

/* Begin PBXResourcesBuildPhase section */
		F7703BB326D2A4EF00D7DAFB /* Resources */ = {
			isa = PBXResourcesBuildPhase;
			buildActionMask = 2147483647;
			files = (
				F7703BC526D2A4F100D7DAFB /* LaunchScreen.storyboard in Resources */,
				F7703BC226D2A4F100D7DAFB /* Assets.xcassets in Resources */,
				F7703BC026D2A4EF00D7DAFB /* Main.storyboard in Resources */,
			);
			runOnlyForDeploymentPostprocessing = 0;
		};
/* End PBXResourcesBuildPhase section */

/* Begin PBXSourcesBuildPhase section */
		F7703BB126D2A4EF00D7DAFB /* Sources */ = {
			isa = PBXSourcesBuildPhase;
			buildActionMask = 2147483647;
			files = (
				F7703BBD26D2A4EF00D7DAFB /* ViewController.swift in Sources */,
				F7703BB926D2A4EF00D7DAFB /* AppDelegate.swift in Sources */,
				F7703BCD26D2A52700D7DAFB /* UIIntroductionView.swift in Sources */,
				F7703BBB26D2A4EF00D7DAFB /* SceneDelegate.swift in Sources */,
			);
			runOnlyForDeploymentPostprocessing = 0;
		};
/* End PBXSourcesBuildPhase section */

/* Begin PBXVariantGroup section */
		F7703BBE26D2A4EF00D7DAFB /* Main.storyboard */ = {
			isa = PBXVariantGroup;
			children = (
				F7703BBF26D2A4EF00D7DAFB /* Base */,
			);
			name = Main.storyboard;
			sourceTree = "<group>";
		};
		F7703BC326D2A4F100D7DAFB /* LaunchScreen.storyboard */ = {
			isa = PBXVariantGroup;
			children = (
				F7703BC426D2A4F100D7DAFB /* Base */,
			);
			name = LaunchScreen.storyboard;
			sourceTree = "<group>";
		};
/* End PBXVariantGroup section */

/* Begin XCBuildConfiguration section */
		F7703BC726D2A4F100D7DAFB /* Debug */ = {
			isa = XCBuildConfiguration;
			buildSettings = {
				ALWAYS_SEARCH_USER_PATHS = NO;
				CLANG_ANALYZER_NONNULL = YES;
				CLANG_ANALYZER_NUMBER_OBJECT_CONVERSION = YES_AGGRESSIVE;
				CLANG_CXX_LANGUAGE_STANDARD = "gnu++14";
				CLANG_CXX_LIBRARY = "libc++";
				CLANG_ENABLE_MODULES = YES;
				CLANG_ENABLE_OBJC_ARC = YES;
				CLANG_ENABLE_OBJC_WEAK = YES;
				CLANG_WARN_BLOCK_CAPTURE_AUTORELEASING = YES;
				CLANG_WARN_BOOL_CONVERSION = YES;
				CLANG_WARN_COMMA = YES;
				CLANG_WARN_CONSTANT_CONVERSION = YES;
				CLANG_WARN_DEPRECATED_OBJC_IMPLEMENTATIONS = YES;
				CLANG_WARN_DIRECT_OBJC_ISA_USAGE = YES_ERROR;
				CLANG_WARN_DOCUMENTATION_COMMENTS = YES;
				CLANG_WARN_EMPTY_BODY = YES;
				CLANG_WARN_ENUM_CONVERSION = YES;
				CLANG_WARN_INFINITE_RECURSION = YES;
				CLANG_WARN_INT_CONVERSION = YES;
				CLANG_WARN_NON_LITERAL_NULL_CONVERSION = YES;
				CLANG_WARN_OBJC_IMPLICIT_RETAIN_SELF = YES;
				CLANG_WARN_OBJC_LITERAL_CONVERSION = YES;
				CLANG_WARN_OBJC_ROOT_CLASS = YES_ERROR;
				CLANG_WARN_QUOTED_INCLUDE_IN_FRAMEWORK_HEADER = YES;
				CLANG_WARN_RANGE_LOOP_ANALYSIS = YES;
				CLANG_WARN_STRICT_PROTOTYPES = YES;
				CLANG_WARN_SUSPICIOUS_MOVE = YES;
				CLANG_WARN_UNGUARDED_AVAILABILITY = YES_AGGRESSIVE;
				CLANG_WARN_UNREACHABLE_CODE = YES;
				CLANG_WARN__DUPLICATE_METHOD_MATCH = YES;
				COPY_PHASE_STRIP = NO;
				DEBUG_INFORMATION_FORMAT = dwarf;
				ENABLE_STRICT_OBJC_MSGSEND = YES;
				ENABLE_TESTABILITY = YES;
				GCC_C_LANGUAGE_STANDARD = gnu11;
				GCC_DYNAMIC_NO_PIC = NO;
				GCC_NO_COMMON_BLOCKS = YES;
				GCC_OPTIMIZATION_LEVEL = 0;
				GCC_PREPROCESSOR_DEFINITIONS = (
					"DEBUG=1",
					"$(inherited)",
				);
				GCC_WARN_64_TO_32_BIT_CONVERSION = YES;
				GCC_WARN_ABOUT_RETURN_TYPE = YES_ERROR;
				GCC_WARN_UNDECLARED_SELECTOR = YES;
				GCC_WARN_UNINITIALIZED_AUTOS = YES_AGGRESSIVE;
				GCC_WARN_UNUSED_FUNCTION = YES;
				GCC_WARN_UNUSED_VARIABLE = YES;
				IPHONEOS_DEPLOYMENT_TARGET = 14.5;
				MTL_ENABLE_DEBUG_INFO = INCLUDE_SOURCE;
				MTL_FAST_MATH = YES;
				ONLY_ACTIVE_ARCH = YES;
				SDKROOT = iphoneos;
				SWIFT_ACTIVE_COMPILATION_CONDITIONS = DEBUG;
				SWIFT_OPTIMIZATION_LEVEL = "-Onone";
			};
			name = Debug;
		};
		F7703BC826D2A4F100D7DAFB /* Release */ = {
			isa = XCBuildConfiguration;
			buildSettings = {
				ALWAYS_SEARCH_USER_PATHS = NO;
				CLANG_ANALYZER_NONNULL = YES;
				CLANG_ANALYZER_NUMBER_OBJECT_CONVERSION = YES_AGGRESSIVE;
				CLANG_CXX_LANGUAGE_STANDARD = "gnu++14";
				CLANG_CXX_LIBRARY = "libc++";
				CLANG_ENABLE_MODULES = YES;
				CLANG_ENABLE_OBJC_ARC = YES;
				CLANG_ENABLE_OBJC_WEAK = YES;
				CLANG_WARN_BLOCK_CAPTURE_AUTORELEASING = YES;
				CLANG_WARN_BOOL_CONVERSION = YES;
				CLANG_WARN_COMMA = YES;
				CLANG_WARN_CONSTANT_CONVERSION = YES;
				CLANG_WARN_DEPRECATED_OBJC_IMPLEMENTATIONS = YES;
				CLANG_WARN_DIRECT_OBJC_ISA_USAGE = YES_ERROR;
				CLANG_WARN_DOCUMENTATION_COMMENTS = YES;
				CLANG_WARN_EMPTY_BODY = YES;
				CLANG_WARN_ENUM_CONVERSION = YES;
				CLANG_WARN_INFINITE_RECURSION = YES;
				CLANG_WARN_INT_CONVERSION = YES;
				CLANG_WARN_NON_LITERAL_NULL_CONVERSION = YES;
				CLANG_WARN_OBJC_IMPLICIT_RETAIN_SELF = YES;
				CLANG_WARN_OBJC_LITERAL_CONVERSION = YES;
				CLANG_WARN_OBJC_ROOT_CLASS = YES_ERROR;
				CLANG_WARN_QUOTED_INCLUDE_IN_FRAMEWORK_HEADER = YES;
				CLANG_WARN_RANGE_LOOP_ANALYSIS = YES;
				CLANG_WARN_STRICT_PROTOTYPES = YES;
				CLANG_WARN_SUSPICIOUS_MOVE = YES;
				CLANG_WARN_UNGUARDED_AVAILABILITY = YES_AGGRESSIVE;
				CLANG_WARN_UNREACHABLE_CODE = YES;
				CLANG_WARN__DUPLICATE_METHOD_MATCH = YES;
				COPY_PHASE_STRIP = NO;
				DEBUG_INFORMATION_FORMAT = "dwarf-with-dsym";
				ENABLE_NS_ASSERTIONS = NO;
				ENABLE_STRICT_OBJC_MSGSEND = YES;
				GCC_C_LANGUAGE_STANDARD = gnu11;
				GCC_NO_COMMON_BLOCKS = YES;
				GCC_WARN_64_TO_32_BIT_CONVERSION = YES;
				GCC_WARN_ABOUT_RETURN_TYPE = YES_ERROR;
				GCC_WARN_UNDECLARED_SELECTOR = YES;
				GCC_WARN_UNINITIALIZED_AUTOS = YES_AGGRESSIVE;
				GCC_WARN_UNUSED_FUNCTION = YES;
				GCC_WARN_UNUSED_VARIABLE = YES;
				IPHONEOS_DEPLOYMENT_TARGET = 14.5;
				MTL_ENABLE_DEBUG_INFO = NO;
				MTL_FAST_MATH = YES;
				SDKROOT = iphoneos;
				SWIFT_COMPILATION_MODE = wholemodule;
				SWIFT_OPTIMIZATION_LEVEL = "-O";
				VALIDATE_PRODUCT = YES;
			};
			name = Release;
		};
		F7703BCA26D2A4F100D7DAFB /* Debug */ = {
			isa = XCBuildConfiguration;
			buildSettings = {
				ASSETCATALOG_COMPILER_APPICON_NAME = AppIcon;
				ASSETCATALOG_COMPILER_GLOBAL_ACCENT_COLOR_NAME = AccentColor;
				CODE_SIGN_STYLE = Automatic;
				DEVELOPMENT_TEAM = TB5VXYZS9X;
				INFOPLIST_FILE = BezierPathTutorial/Info.plist;
				LD_RUNPATH_SEARCH_PATHS = (
					"$(inherited)",
					"@executable_path/Frameworks",
				);
				PRODUCT_BUNDLE_IDENTIFIER = ru.learnSwift.BezierPathTutorial;
				PRODUCT_NAME = "$(TARGET_NAME)";
				SWIFT_VERSION = 5.0;
				TARGETED_DEVICE_FAMILY = 1;
			};
			name = Debug;
		};
		F7703BCB26D2A4F100D7DAFB /* Release */ = {
			isa = XCBuildConfiguration;
			buildSettings = {
				ASSETCATALOG_COMPILER_APPICON_NAME = AppIcon;
				ASSETCATALOG_COMPILER_GLOBAL_ACCENT_COLOR_NAME = AccentColor;
				CODE_SIGN_STYLE = Automatic;
				DEVELOPMENT_TEAM = TB5VXYZS9X;
				INFOPLIST_FILE = BezierPathTutorial/Info.plist;
				LD_RUNPATH_SEARCH_PATHS = (
					"$(inherited)",
					"@executable_path/Frameworks",
				);
				PRODUCT_BUNDLE_IDENTIFIER = ru.learnSwift.BezierPathTutorial;
				PRODUCT_NAME = "$(TARGET_NAME)";
				SWIFT_VERSION = 5.0;
				TARGETED_DEVICE_FAMILY = 1;
			};
			name = Release;
		};
/* End XCBuildConfiguration section */

/* Begin XCConfigurationList section */
		F7703BB026D2A4EF00D7DAFB /* Build configuration list for PBXProject "BezierPathTutorial" */ = {
			isa = XCConfigurationList;
			buildConfigurations = (
				F7703BC726D2A4F100D7DAFB /* Debug */,
				F7703BC826D2A4F100D7DAFB /* Release */,
			);
			defaultConfigurationIsVisible = 0;
			defaultConfigurationName = Release;
		};
		F7703BC926D2A4F100D7DAFB /* Build configuration list for PBXNativeTarget "BezierPathTutorial" */ = {
			isa = XCConfigurationList;
			buildConfigurations = (
				F7703BCA26D2A4F100D7DAFB /* Debug */,
				F7703BCB26D2A4F100D7DAFB /* Release */,
			);
			defaultConfigurationIsVisible = 0;
			defaultConfigurationName = Release;
		};
/* End XCConfigurationList section */
	};
	rootObject = F7703BAD26D2A4EF00D7DAFB /* Project object */;
}
